
Microsoft Visual Studio Solution File, Format Version 12.00
# Visual Studio Version 17
VisualStudioVersion = 17.3.32825.248
MinimumVisualStudioVersion = 10.0.40219.1
Project("{FAE04EC0-301F-11D3-BF4B-00C04F79EFBC}") = "ARRAY", "ARRAY\ARRAY.csproj", "{DB031ACC-FB53-4ACB-85E0-70566CA8FF64}"
EndProject
Global
	GlobalSection(SolutionConfigurationPlatforms) = preSolution
		Debug|Any CPU = Debug|Any CPU
		Release|Any CPU = Release|Any CPU
	EndGlobalSection
	GlobalSection(ProjectConfigurationPlatforms) = postSolution
		{DB031ACC-FB53-4ACB-85E0-70566CA8FF64}.Debug|Any CPU.ActiveCfg = Debug|Any CPU
		{DB031ACC-FB53-4ACB-85E0-70566CA8FF64}.Debug|Any CPU.Build.0 = Debug|Any CPU
		{DB031ACC-FB53-4ACB-85E0-70566CA8FF64}.Release|Any CPU.ActiveCfg = Release|Any CPU
		{DB031ACC-FB53-4ACB-85E0-70566CA8FF64}.Release|Any CPU.Build.0 = Release|Any CPU
	EndGlobalSection
	GlobalSection(SolutionProperties) = preSolution
		HideSolutionNode = FALSE
	EndGlobalSection
	GlobalSection(ExtensibilityGlobals) = postSolution
		SolutionGuid = {0A1DF188-1EEF-48A5-87D1-6C24D8ED5C08}
	EndGlobalSection
EndGlobal
