
Microsoft Visual Studio Solution File, Format Version 12.00
# Visual Studio Version 17
VisualStudioVersion = 17.3.32825.248
MinimumVisualStudioVersion = 10.0.40219.1
Project("{FAE04EC0-301F-11D3-BF4B-00C04F79EFBC}") = "p1number1", "p1number1\p1number1.csproj", "{B1365B0E-BE03-4E7D-A9DF-48AEEA237E03}"
EndProject
Global
	GlobalSection(SolutionConfigurationPlatforms) = preSolution
		Debug|Any CPU = Debug|Any CPU
		Release|Any CPU = Release|Any CPU
	EndGlobalSection
	GlobalSection(ProjectConfigurationPlatforms) = postSolution
		{B1365B0E-BE03-4E7D-A9DF-48AEEA237E03}.Debug|Any CPU.ActiveCfg = Debug|Any CPU
		{B1365B0E-BE03-4E7D-A9DF-48AEEA237E03}.Debug|Any CPU.Build.0 = Debug|Any CPU
		{B1365B0E-BE03-4E7D-A9DF-48AEEA237E03}.Release|Any CPU.ActiveCfg = Release|Any CPU
		{B1365B0E-BE03-4E7D-A9DF-48AEEA237E03}.Release|Any CPU.Build.0 = Release|Any CPU
	EndGlobalSection
	GlobalSection(SolutionProperties) = preSolution
		HideSolutionNode = FALSE
	EndGlobalSection
	GlobalSection(ExtensibilityGlobals) = postSolution
		SolutionGuid = {F6F3FD39-628E-44E1-957A-0D5B4D1E5C09}
	EndGlobalSection
EndGlobal
