
Microsoft Visual Studio Solution File, Format Version 12.00
# Visual Studio Version 17
VisualStudioVersion = 17.3.32825.248
MinimumVisualStudioVersion = 10.0.40219.1
Project("{FAE04EC0-301F-11D3-BF4B-00C04F79EFBC}") = "ConsoleApp10", "ConsoleApp10\ConsoleApp10.csproj", "{FFBDCA18-B5E0-4EFA-9C9A-FDB9E7FA1113}"
EndProject
Global
	GlobalSection(SolutionConfigurationPlatforms) = preSolution
		Debug|Any CPU = Debug|Any CPU
		Release|Any CPU = Release|Any CPU
	EndGlobalSection
	GlobalSection(ProjectConfigurationPlatforms) = postSolution
		{FFBDCA18-B5E0-4EFA-9C9A-FDB9E7FA1113}.Debug|Any CPU.ActiveCfg = Debug|Any CPU
		{FFBDCA18-B5E0-4EFA-9C9A-FDB9E7FA1113}.Debug|Any CPU.Build.0 = Debug|Any CPU
		{FFBDCA18-B5E0-4EFA-9C9A-FDB9E7FA1113}.Release|Any CPU.ActiveCfg = Release|Any CPU
		{FFBDCA18-B5E0-4EFA-9C9A-FDB9E7FA1113}.Release|Any CPU.Build.0 = Release|Any CPU
	EndGlobalSection
	GlobalSection(SolutionProperties) = preSolution
		HideSolutionNode = FALSE
	EndGlobalSection
	GlobalSection(ExtensibilityGlobals) = postSolution
		SolutionGuid = {F0AFD2E3-38B5-4475-A397-570C914BB9C3}
	EndGlobalSection
EndGlobal
