
Microsoft Visual Studio Solution File, Format Version 12.00
# Visual Studio Version 17
VisualStudioVersion = 17.3.32825.248
MinimumVisualStudioVersion = 10.0.40219.1
Project("{FAE04EC0-301F-11D3-BF4B-00C04F79EFBC}") = "ConsoleApp20", "ConsoleApp20\ConsoleApp20.csproj", "{D23290F8-EFE3-4F98-A9E6-C85F2BD10620}"
EndProject
Global
	GlobalSection(SolutionConfigurationPlatforms) = preSolution
		Debug|Any CPU = Debug|Any CPU
		Release|Any CPU = Release|Any CPU
	EndGlobalSection
	GlobalSection(ProjectConfigurationPlatforms) = postSolution
		{D23290F8-EFE3-4F98-A9E6-C85F2BD10620}.Debug|Any CPU.ActiveCfg = Debug|Any CPU
		{D23290F8-EFE3-4F98-A9E6-C85F2BD10620}.Debug|Any CPU.Build.0 = Debug|Any CPU
		{D23290F8-EFE3-4F98-A9E6-C85F2BD10620}.Release|Any CPU.ActiveCfg = Release|Any CPU
		{D23290F8-EFE3-4F98-A9E6-C85F2BD10620}.Release|Any CPU.Build.0 = Release|Any CPU
	EndGlobalSection
	GlobalSection(SolutionProperties) = preSolution
		HideSolutionNode = FALSE
	EndGlobalSection
	GlobalSection(ExtensibilityGlobals) = postSolution
		SolutionGuid = {0AE4981B-9551-495D-967C-B5FC275376A9}
	EndGlobalSection
EndGlobal
