
Microsoft Visual Studio Solution File, Format Version 12.00
# Visual Studio Version 17
VisualStudioVersion = 17.3.32825.248
MinimumVisualStudioVersion = 10.0.40219.1
Project("{FAE04EC0-301F-11D3-BF4B-00C04F79EFBC}") = "sample", "sample\sample.csproj", "{1E81C984-5D82-4F8B-9872-34CDEC30999A}"
EndProject
Global
	GlobalSection(SolutionConfigurationPlatforms) = preSolution
		Debug|Any CPU = Debug|Any CPU
		Release|Any CPU = Release|Any CPU
	EndGlobalSection
	GlobalSection(ProjectConfigurationPlatforms) = postSolution
		{1E81C984-5D82-4F8B-9872-34CDEC30999A}.Debug|Any CPU.ActiveCfg = Debug|Any CPU
		{1E81C984-5D82-4F8B-9872-34CDEC30999A}.Debug|Any CPU.Build.0 = Debug|Any CPU
		{1E81C984-5D82-4F8B-9872-34CDEC30999A}.Release|Any CPU.ActiveCfg = Release|Any CPU
		{1E81C984-5D82-4F8B-9872-34CDEC30999A}.Release|Any CPU.Build.0 = Release|Any CPU
	EndGlobalSection
	GlobalSection(SolutionProperties) = preSolution
		HideSolutionNode = FALSE
	EndGlobalSection
	GlobalSection(ExtensibilityGlobals) = postSolution
		SolutionGuid = {E2F2072D-3676-4421-B91E-7C0115BFFCB0}
	EndGlobalSection
EndGlobal
