
Microsoft Visual Studio Solution File, Format Version 12.00
# Visual Studio Version 17
VisualStudioVersion = 17.3.32825.248
MinimumVisualStudioVersion = 10.0.40219.1
Project("{FAE04EC0-301F-11D3-BF4B-00C04F79EFBC}") = "P1number2", "P1number2\P1number2.csproj", "{319A4D86-8328-40CE-BB39-CAB1E0FB94EE}"
EndProject
Global
	GlobalSection(SolutionConfigurationPlatforms) = preSolution
		Debug|Any CPU = Debug|Any CPU
		Release|Any CPU = Release|Any CPU
	EndGlobalSection
	GlobalSection(ProjectConfigurationPlatforms) = postSolution
		{319A4D86-8328-40CE-BB39-CAB1E0FB94EE}.Debug|Any CPU.ActiveCfg = Debug|Any CPU
		{319A4D86-8328-40CE-BB39-CAB1E0FB94EE}.Debug|Any CPU.Build.0 = Debug|Any CPU
		{319A4D86-8328-40CE-BB39-CAB1E0FB94EE}.Release|Any CPU.ActiveCfg = Release|Any CPU
		{319A4D86-8328-40CE-BB39-CAB1E0FB94EE}.Release|Any CPU.Build.0 = Release|Any CPU
	EndGlobalSection
	GlobalSection(SolutionProperties) = preSolution
		HideSolutionNode = FALSE
	EndGlobalSection
	GlobalSection(ExtensibilityGlobals) = postSolution
		SolutionGuid = {89A5FC54-A9C8-49A2-8183-06D7431A49EE}
	EndGlobalSection
EndGlobal
